
Microsoft Visual Studio Solution File, Format Version 12.00
# Visual Studio Version 16
VisualStudioVersion = 16.0.29326.143
MinimumVisualStudioVersion = 10.0.40219.1
Project("{FAE04EC0-301F-11D3-BF4B-00C04F79EFBC}") = "PanicButton.Client", "WpfApp2\PanicButton.Client.csproj", "{3924F180-AD35-45B8-92B0-3B556AC23145}"
EndProject
Project("{FAE04EC0-301F-11D3-BF4B-00C04F79EFBC}") = "PanicButton.Broadcaster", "PanicButton.Broadcaster\PanicButton.Broadcaster.csproj", "{F9008519-FCA4-4DF1-B01D-926FBD0485E7}"
EndProject
Global
	GlobalSection(SolutionConfigurationPlatforms) = preSolution
		Debug|Any CPU = Debug|Any CPU
		Release|Any CPU = Release|Any CPU
	EndGlobalSection
	GlobalSection(ProjectConfigurationPlatforms) = postSolution
		{3924F180-AD35-45B8-92B0-3B556AC23145}.Debug|Any CPU.ActiveCfg = Debug|Any CPU
		{3924F180-AD35-45B8-92B0-3B556AC23145}.Debug|Any CPU.Build.0 = Debug|Any CPU
		{3924F180-AD35-45B8-92B0-3B556AC23145}.Release|Any CPU.ActiveCfg = Release|Any CPU
		{3924F180-AD35-45B8-92B0-3B556AC23145}.Release|Any CPU.Build.0 = Release|Any CPU
		{F9008519-FCA4-4DF1-B01D-926FBD0485E7}.Debug|Any CPU.ActiveCfg = Debug|Any CPU
		{F9008519-FCA4-4DF1-B01D-926FBD0485E7}.Debug|Any CPU.Build.0 = Debug|Any CPU
		{F9008519-FCA4-4DF1-B01D-926FBD0485E7}.Release|Any CPU.ActiveCfg = Release|Any CPU
		{F9008519-FCA4-4DF1-B01D-926FBD0485E7}.Release|Any CPU.Build.0 = Release|Any CPU
	EndGlobalSection
	GlobalSection(SolutionProperties) = preSolution
		HideSolutionNode = FALSE
	EndGlobalSection
	GlobalSection(ExtensibilityGlobals) = postSolution
		SolutionGuid = {F9E3FE0F-9170-4338-BA5E-85264656232D}
	EndGlobalSection
EndGlobal
